github.com/NeowayLabs/wabbit v0.0.0-20200409220312-12e68ab5b0c6 h1:LBDcAaRv5atYVAkZzfAqlTal7bkmJb1AViI1wsNZUUU=
github.com/NeowayLabs/wabbit v0.0.0-20200409220312-12e68ab5b0c6/go.mod h1:Jp6npmrFAOZdPpJQgIQyDzaSApVtYTSrK5VAV49OtfQ=
github.com/cheshir/go-mq v1.0.2 h1:nl3+U0iwcBW2E/noSsoYedLSe4ChTVkLAGSDdUx1Pbc=
github.com/cheshir/go-mq v1.0.2/go.mod h1:lAwW/xhfO27t6WSVHFtLdgYioymwJvQxMSH19z00/BY=
github.com/google/uuid v1.0.0/go.mod h1:TIyPZe4MgqvfeYDBFedMoGGpEw/LqOeaOT+nhxU+yHo=
github.com/google/uuid v1.1.1 h1:Gkbcsh/GbpXz7lPftLA3P6TYMwjCLYm83jiFQZF/3gY=
github.com/google/uuid v1.1.1/go.mod h1:TIyPZe4MgqvfeYDBFedMoGGpEw/LqOeaOT+nhxU+yHo=
github.com/joho/godotenv v1.3.0/go.mod h1:7hK45KPybAkOC6peb+G5yklZfMxEjkZhHbwpqxOKXbg=
github.com/maxtroughear/goenv v0.0.3 h1:F9sQ2rh5bImnNQTe+ExzGaqyiq43RPKyZLm8R99n5bI=
github.com/maxtroughear/goenv v0.0.3/go.mod h1:pPFjhNfYw2QUK7k42vH6ISCo2I3qtUso/uu3oyfWEMQ=
github.com/pborman/uuid v1.2.0 h1:J7Q5mO4ysT1dv8hyrUGHb9+ooztCXu1D8MY8DZYsu3g=
github.com/pborman/uuid v1.2.0/go.mod h1:X/NO0urCmaxf9VXbdlT7C2Yzkj2IKimNn4k+gtPdI/k=
github.com/streadway/amqp v0.0.0-20200108173154-1c71cc93ed71 h1:2MR0pKUzlP3SGgj5NYJe/zRYDwOu9ku6YHy+Iw7l5DM=
github.com/streadway/amqp v0.0.0-20200108173154-1c71cc93ed71/go.mod h1:AZpEONHx3DKn8O/DFsRAY58/XVQiIPMTMB1SddzLXVw=
gopkg.in/check.v1 v0.0.0-20161208181325-20d25e280405/go.mod h1:Co6ibVJAznAaIkqp8huTwlJQCZ016jof/cbN4VW5Yz0=
gopkg.in/yaml.v1 v1.0.0-20140924161607-9f9df34309c0/go.mod h1:WDnlLJ4WF5VGsH/HVa3CI79GS0ol3YnhVnKP89i0kNg=
gopkg.in/yaml.v2 v2.4.0 h1:D8xgwECY7CYvx+Y2n4sBz93Jn9JRvxdiyyo8CTfuKaY=
gopkg.in/yaml.v2 v2.4.0/go.mod h1:RDklbk79AGWmwhnvt/jBztapEOGDOx6ZbXqjP6csGnQ=
